
Microsoft Visual Studio Solution File, Format Version 12.00
# Visual Studio Version 17
VisualStudioVersion = 17.9.34607.119
MinimumVisualStudioVersion = 10.0.40219.1
Project("{9A19103F-16F7-4668-BE54-9A1E7A4F7556}") = "CryptoRateAPI", "CryptoRateAPI\CryptoRateAPI.csproj", "{AFA08403-9C1F-4E08-B55D-FF1712298B63}"
EndProject
Global
	GlobalSection(SolutionConfigurationPlatforms) = preSolution
		Debug|Any CPU = Debug|Any CPU
		Release|Any CPU = Release|Any CPU
	EndGlobalSection
	GlobalSection(ProjectConfigurationPlatforms) = postSolution
		{AFA08403-9C1F-4E08-B55D-FF1712298B63}.Debug|Any CPU.ActiveCfg = Debug|Any CPU
		{AFA08403-9C1F-4E08-B55D-FF1712298B63}.Debug|Any CPU.Build.0 = Debug|Any CPU
		{AFA08403-9C1F-4E08-B55D-FF1712298B63}.Release|Any CPU.ActiveCfg = Release|Any CPU
		{AFA08403-9C1F-4E08-B55D-FF1712298B63}.Release|Any CPU.Build.0 = Release|Any CPU
	EndGlobalSection
	GlobalSection(SolutionProperties) = preSolution
		HideSolutionNode = FALSE
	EndGlobalSection
	GlobalSection(ExtensibilityGlobals) = postSolution
		SolutionGuid = {8A95B389-E573-4569-927D-6CCA18403EAD}
	EndGlobalSection
EndGlobal
